
Microsoft Visual Studio Solution File, Format Version 12.00
# Visual Studio 15
VisualStudioVersion = 15.0.26228.4
MinimumVisualStudioVersion = 10.0.40219.1
Project("{FAE04EC0-301F-11D3-BF4B-00C04F79EFBC}") = "WpfMVVMSamples", "WpfMVVMSamples\WpfMVVMSamples.csproj", "{B792C8CE-7784-4CE4-A2DE-E5E31B581982}"
EndProject
Project("{FAE04EC0-301F-11D3-BF4B-00C04F79EFBC}") = "DynamicObserverSample", "DynamicObserver\DynamicObserverSample.csproj", "{29D82A1F-F53C-4531-8CF7-900ABF873CF7}"
EndProject
Project("{FAE04EC0-301F-11D3-BF4B-00C04F79EFBC}") = "PropertyChangingFodySample", "PropertyChangingFodySample\PropertyChangingFodySample.csproj", "{5B6C0A19-5FDE-454A-B761-7F61A6E9D556}"
EndProject
Project("{FAE04EC0-301F-11D3-BF4B-00C04F79EFBC}") = "UserControllSample", "UserControllSample\UserControllSample.csproj", "{034476A6-368A-45BB-8C88-AE04F78921DF}"
EndProject
Project("{FAE04EC0-301F-11D3-BF4B-00C04F79EFBC}") = "UniformGridSample", "UniformGridSample\UniformGridSample.csproj", "{A41F003D-3F52-4DE8-90C8-1A5940F9EC27}"
EndProject
Project("{FAE04EC0-301F-11D3-BF4B-00C04F79EFBC}") = "WrapPanelSample", "WrapPanelSample\WrapPanelSample.csproj", "{7A1FEC14-267D-4A7A-B1A4-3B23894E0F26}"
EndProject
Project("{FAE04EC0-301F-11D3-BF4B-00C04F79EFBC}") = "CustomLayoutCircleSample", "CustomLayoutCircleSample\CustomLayoutCircleSample.csproj", "{0FEA4994-E1E9-489C-88E3-4F2436457FFE}"
EndProject
Project("{FAE04EC0-301F-11D3-BF4B-00C04F79EFBC}") = "RxSample", "RxSample\RxSample.csproj", "{B7B6631F-9668-4253-8E31-4997A30081BC}"
EndProject
Project("{FAE04EC0-301F-11D3-BF4B-00C04F79EFBC}") = "ExpressionSample", "ExpressionSample\ExpressionSample.csproj", "{2E1FA579-01FF-473E-A328-8A2BDD6EA0C0}"
EndProject
Project("{FAE04EC0-301F-11D3-BF4B-00C04F79EFBC}") = "DebuggerAttributeSample", "DebuggerAttributeSample\DebuggerAttributeSample.csproj", "{927AE2E7-CD8B-424F-9F16-DC700858D076}"
EndProject
Global
	GlobalSection(SolutionConfigurationPlatforms) = preSolution
		Debug|Any CPU = Debug|Any CPU
		Release|Any CPU = Release|Any CPU
	EndGlobalSection
	GlobalSection(ProjectConfigurationPlatforms) = postSolution
		{B792C8CE-7784-4CE4-A2DE-E5E31B581982}.Debug|Any CPU.ActiveCfg = Debug|Any CPU
		{B792C8CE-7784-4CE4-A2DE-E5E31B581982}.Debug|Any CPU.Build.0 = Debug|Any CPU
		{B792C8CE-7784-4CE4-A2DE-E5E31B581982}.Release|Any CPU.ActiveCfg = Release|Any CPU
		{B792C8CE-7784-4CE4-A2DE-E5E31B581982}.Release|Any CPU.Build.0 = Release|Any CPU
		{29D82A1F-F53C-4531-8CF7-900ABF873CF7}.Debug|Any CPU.ActiveCfg = Debug|Any CPU
		{29D82A1F-F53C-4531-8CF7-900ABF873CF7}.Debug|Any CPU.Build.0 = Debug|Any CPU
		{29D82A1F-F53C-4531-8CF7-900ABF873CF7}.Release|Any CPU.ActiveCfg = Release|Any CPU
		{29D82A1F-F53C-4531-8CF7-900ABF873CF7}.Release|Any CPU.Build.0 = Release|Any CPU
		{5B6C0A19-5FDE-454A-B761-7F61A6E9D556}.Debug|Any CPU.ActiveCfg = Debug|Any CPU
		{5B6C0A19-5FDE-454A-B761-7F61A6E9D556}.Debug|Any CPU.Build.0 = Debug|Any CPU
		{5B6C0A19-5FDE-454A-B761-7F61A6E9D556}.Release|Any CPU.ActiveCfg = Release|Any CPU
		{5B6C0A19-5FDE-454A-B761-7F61A6E9D556}.Release|Any CPU.Build.0 = Release|Any CPU
		{034476A6-368A-45BB-8C88-AE04F78921DF}.Debug|Any CPU.ActiveCfg = Debug|Any CPU
		{034476A6-368A-45BB-8C88-AE04F78921DF}.Debug|Any CPU.Build.0 = Debug|Any CPU
		{034476A6-368A-45BB-8C88-AE04F78921DF}.Release|Any CPU.ActiveCfg = Release|Any CPU
		{034476A6-368A-45BB-8C88-AE04F78921DF}.Release|Any CPU.Build.0 = Release|Any CPU
		{A41F003D-3F52-4DE8-90C8-1A5940F9EC27}.Debug|Any CPU.ActiveCfg = Debug|Any CPU
		{A41F003D-3F52-4DE8-90C8-1A5940F9EC27}.Debug|Any CPU.Build.0 = Debug|Any CPU
		{A41F003D-3F52-4DE8-90C8-1A5940F9EC27}.Release|Any CPU.ActiveCfg = Release|Any CPU
		{A41F003D-3F52-4DE8-90C8-1A5940F9EC27}.Release|Any CPU.Build.0 = Release|Any CPU
		{7A1FEC14-267D-4A7A-B1A4-3B23894E0F26}.Debug|Any CPU.ActiveCfg = Debug|Any CPU
		{7A1FEC14-267D-4A7A-B1A4-3B23894E0F26}.Debug|Any CPU.Build.0 = Debug|Any CPU
		{7A1FEC14-267D-4A7A-B1A4-3B23894E0F26}.Release|Any CPU.ActiveCfg = Release|Any CPU
		{7A1FEC14-267D-4A7A-B1A4-3B23894E0F26}.Release|Any CPU.Build.0 = Release|Any CPU
		{0FEA4994-E1E9-489C-88E3-4F2436457FFE}.Debug|Any CPU.ActiveCfg = Debug|Any CPU
		{0FEA4994-E1E9-489C-88E3-4F2436457FFE}.Debug|Any CPU.Build.0 = Debug|Any CPU
		{0FEA4994-E1E9-489C-88E3-4F2436457FFE}.Release|Any CPU.ActiveCfg = Release|Any CPU
		{0FEA4994-E1E9-489C-88E3-4F2436457FFE}.Release|Any CPU.Build.0 = Release|Any CPU
		{B7B6631F-9668-4253-8E31-4997A30081BC}.Debug|Any CPU.ActiveCfg = Debug|Any CPU
		{B7B6631F-9668-4253-8E31-4997A30081BC}.Debug|Any CPU.Build.0 = Debug|Any CPU
		{B7B6631F-9668-4253-8E31-4997A30081BC}.Release|Any CPU.ActiveCfg = Release|Any CPU
		{B7B6631F-9668-4253-8E31-4997A30081BC}.Release|Any CPU.Build.0 = Release|Any CPU
		{2E1FA579-01FF-473E-A328-8A2BDD6EA0C0}.Debug|Any CPU.ActiveCfg = Debug|Any CPU
		{2E1FA579-01FF-473E-A328-8A2BDD6EA0C0}.Debug|Any CPU.Build.0 = Debug|Any CPU
		{2E1FA579-01FF-473E-A328-8A2BDD6EA0C0}.Release|Any CPU.ActiveCfg = Release|Any CPU
		{2E1FA579-01FF-473E-A328-8A2BDD6EA0C0}.Release|Any CPU.Build.0 = Release|Any CPU
		{927AE2E7-CD8B-424F-9F16-DC700858D076}.Debug|Any CPU.ActiveCfg = Debug|Any CPU
		{927AE2E7-CD8B-424F-9F16-DC700858D076}.Debug|Any CPU.Build.0 = Debug|Any CPU
		{927AE2E7-CD8B-424F-9F16-DC700858D076}.Release|Any CPU.ActiveCfg = Release|Any CPU
		{927AE2E7-CD8B-424F-9F16-DC700858D076}.Release|Any CPU.Build.0 = Release|Any CPU
	EndGlobalSection
	GlobalSection(SolutionProperties) = preSolution
		HideSolutionNode = FALSE
	EndGlobalSection
EndGlobal
